
Microsoft Visual Studio Solution File, Format Version 12.00
# Visual Studio Version 16
VisualStudioVersion = 16.0.29613.14
MinimumVisualStudioVersion = 10.0.40219.1
Project("{FAE04EC0-301F-11D3-BF4B-00C04F79EFBC}") = "SecurityThreatBrowser", "SecurityThreatBrowser.csproj", "{3FE58777-A10C-4681-831A-0404F64F1CBC}"
EndProject
Global
	GlobalSection(SolutionConfigurationPlatforms) = preSolution
		Debug|Any CPU = Debug|Any CPU
		Release|Any CPU = Release|Any CPU
	EndGlobalSection
	GlobalSection(ProjectConfigurationPlatforms) = postSolution
		{3FE58777-A10C-4681-831A-0404F64F1CBC}.Debug|Any CPU.ActiveCfg = Debug|Any CPU
		{3FE58777-A10C-4681-831A-0404F64F1CBC}.Debug|Any CPU.Build.0 = Debug|Any CPU
		{3FE58777-A10C-4681-831A-0404F64F1CBC}.Release|Any CPU.ActiveCfg = Release|Any CPU
		{3FE58777-A10C-4681-831A-0404F64F1CBC}.Release|Any CPU.Build.0 = Release|Any CPU
	EndGlobalSection
	GlobalSection(SolutionProperties) = preSolution
		HideSolutionNode = FALSE
	EndGlobalSection
	GlobalSection(ExtensibilityGlobals) = postSolution
		SolutionGuid = {C94599E1-8EFC-4F57-9C22-50205B160356}
	EndGlobalSection
EndGlobal
